
Microsoft Visual Studio Solution File, Format Version 12.00
# Visual Studio Version 17
VisualStudioVersion = 17.1.32421.90
MinimumVisualStudioVersion = 10.0.40219.1
Project("{FAE04EC0-301F-11D3-BF4B-00C04F79EFBC}") = "News.Android", "News\News.Android\News.Android.csproj", "{47AACDA5-5ED8-4B24-9F22-C865DF96294A}"
EndProject
Project("{FAE04EC0-301F-11D3-BF4B-00C04F79EFBC}") = "News.iOS", "News\News.iOS\News.iOS.csproj", "{34225F56-2D99-4C89-AB5C-4C49BCC43416}"
EndProject
Project("{FAE04EC0-301F-11D3-BF4B-00C04F79EFBC}") = "News", "News\News\News.csproj", "{EDA49C1D-4D7B-4CFB-BB85-91A2F86BAB99}"
EndProject
Global
	GlobalSection(SolutionConfigurationPlatforms) = preSolution
		Debug|Any CPU = Debug|Any CPU
		Debug|iPhone = Debug|iPhone
		Debug|iPhoneSimulator = Debug|iPhoneSimulator
		Release|Any CPU = Release|Any CPU
		Release|iPhone = Release|iPhone
		Release|iPhoneSimulator = Release|iPhoneSimulator
	EndGlobalSection
	GlobalSection(ProjectConfigurationPlatforms) = postSolution
		{47AACDA5-5ED8-4B24-9F22-C865DF96294A}.Debug|Any CPU.ActiveCfg = Debug|Any CPU
		{47AACDA5-5ED8-4B24-9F22-C865DF96294A}.Debug|Any CPU.Build.0 = Debug|Any CPU
		{47AACDA5-5ED8-4B24-9F22-C865DF96294A}.Debug|Any CPU.Deploy.0 = Debug|Any CPU
		{47AACDA5-5ED8-4B24-9F22-C865DF96294A}.Debug|iPhone.ActiveCfg = Debug|Any CPU
		{47AACDA5-5ED8-4B24-9F22-C865DF96294A}.Debug|iPhone.Build.0 = Debug|Any CPU
		{47AACDA5-5ED8-4B24-9F22-C865DF96294A}.Debug|iPhone.Deploy.0 = Debug|Any CPU
		{47AACDA5-5ED8-4B24-9F22-C865DF96294A}.Debug|iPhoneSimulator.ActiveCfg = Debug|Any CPU
		{47AACDA5-5ED8-4B24-9F22-C865DF96294A}.Debug|iPhoneSimulator.Build.0 = Debug|Any CPU
		{47AACDA5-5ED8-4B24-9F22-C865DF96294A}.Debug|iPhoneSimulator.Deploy.0 = Debug|Any CPU
		{47AACDA5-5ED8-4B24-9F22-C865DF96294A}.Release|Any CPU.ActiveCfg = Release|Any CPU
		{47AACDA5-5ED8-4B24-9F22-C865DF96294A}.Release|Any CPU.Build.0 = Release|Any CPU
		{47AACDA5-5ED8-4B24-9F22-C865DF96294A}.Release|Any CPU.Deploy.0 = Release|Any CPU
		{47AACDA5-5ED8-4B24-9F22-C865DF96294A}.Release|iPhone.ActiveCfg = Release|Any CPU
		{47AACDA5-5ED8-4B24-9F22-C865DF96294A}.Release|iPhone.Build.0 = Release|Any CPU
		{47AACDA5-5ED8-4B24-9F22-C865DF96294A}.Release|iPhone.Deploy.0 = Release|Any CPU
		{47AACDA5-5ED8-4B24-9F22-C865DF96294A}.Release|iPhoneSimulator.ActiveCfg = Release|Any CPU
		{47AACDA5-5ED8-4B24-9F22-C865DF96294A}.Release|iPhoneSimulator.Build.0 = Release|Any CPU
		{47AACDA5-5ED8-4B24-9F22-C865DF96294A}.Release|iPhoneSimulator.Deploy.0 = Release|Any CPU
		{34225F56-2D99-4C89-AB5C-4C49BCC43416}.Debug|Any CPU.ActiveCfg = Debug|iPhone
		{34225F56-2D99-4C89-AB5C-4C49BCC43416}.Debug|Any CPU.Build.0 = Debug|iPhone
		{34225F56-2D99-4C89-AB5C-4C49BCC43416}.Debug|Any CPU.Deploy.0 = Debug|iPhone
		{34225F56-2D99-4C89-AB5C-4C49BCC43416}.Debug|iPhone.ActiveCfg = Debug|iPhone
		{34225F56-2D99-4C89-AB5C-4C49BCC43416}.Debug|iPhone.Build.0 = Debug|iPhone
		{34225F56-2D99-4C89-AB5C-4C49BCC43416}.Debug|iPhone.Deploy.0 = Debug|iPhone
		{34225F56-2D99-4C89-AB5C-4C49BCC43416}.Debug|iPhoneSimulator.ActiveCfg = Debug|iPhoneSimulator
		{34225F56-2D99-4C89-AB5C-4C49BCC43416}.Debug|iPhoneSimulator.Build.0 = Debug|iPhoneSimulator
		{34225F56-2D99-4C89-AB5C-4C49BCC43416}.Debug|iPhoneSimulator.Deploy.0 = Debug|iPhoneSimulator
		{34225F56-2D99-4C89-AB5C-4C49BCC43416}.Release|Any CPU.ActiveCfg = Release|iPhoneSimulator
		{34225F56-2D99-4C89-AB5C-4C49BCC43416}.Release|Any CPU.Build.0 = Release|iPhoneSimulator
		{34225F56-2D99-4C89-AB5C-4C49BCC43416}.Release|Any CPU.Deploy.0 = Release|iPhoneSimulator
		{34225F56-2D99-4C89-AB5C-4C49BCC43416}.Release|iPhone.ActiveCfg = Release|iPhone
		{34225F56-2D99-4C89-AB5C-4C49BCC43416}.Release|iPhone.Build.0 = Release|iPhone
		{34225F56-2D99-4C89-AB5C-4C49BCC43416}.Release|iPhone.Deploy.0 = Release|iPhone
		{34225F56-2D99-4C89-AB5C-4C49BCC43416}.Release|iPhoneSimulator.ActiveCfg = Release|iPhoneSimulator
		{34225F56-2D99-4C89-AB5C-4C49BCC43416}.Release|iPhoneSimulator.Build.0 = Release|iPhoneSimulator
		{34225F56-2D99-4C89-AB5C-4C49BCC43416}.Release|iPhoneSimulator.Deploy.0 = Release|iPhoneSimulator
		{EDA49C1D-4D7B-4CFB-BB85-91A2F86BAB99}.Debug|Any CPU.ActiveCfg = Debug|Any CPU
		{EDA49C1D-4D7B-4CFB-BB85-91A2F86BAB99}.Debug|Any CPU.Build.0 = Debug|Any CPU
		{EDA49C1D-4D7B-4CFB-BB85-91A2F86BAB99}.Debug|Any CPU.Deploy.0 = Debug|Any CPU
		{EDA49C1D-4D7B-4CFB-BB85-91A2F86BAB99}.Debug|iPhone.ActiveCfg = Debug|Any CPU
		{EDA49C1D-4D7B-4CFB-BB85-91A2F86BAB99}.Debug|iPhone.Build.0 = Debug|Any CPU
		{EDA49C1D-4D7B-4CFB-BB85-91A2F86BAB99}.Debug|iPhone.Deploy.0 = Debug|Any CPU
		{EDA49C1D-4D7B-4CFB-BB85-91A2F86BAB99}.Debug|iPhoneSimulator.ActiveCfg = Debug|Any CPU
		{EDA49C1D-4D7B-4CFB-BB85-91A2F86BAB99}.Debug|iPhoneSimulator.Build.0 = Debug|Any CPU
		{EDA49C1D-4D7B-4CFB-BB85-91A2F86BAB99}.Debug|iPhoneSimulator.Deploy.0 = Debug|Any CPU
		{EDA49C1D-4D7B-4CFB-BB85-91A2F86BAB99}.Release|Any CPU.ActiveCfg = Release|Any CPU
		{EDA49C1D-4D7B-4CFB-BB85-91A2F86BAB99}.Release|Any CPU.Build.0 = Release|Any CPU
		{EDA49C1D-4D7B-4CFB-BB85-91A2F86BAB99}.Release|Any CPU.Deploy.0 = Release|Any CPU
		{EDA49C1D-4D7B-4CFB-BB85-91A2F86BAB99}.Release|iPhone.ActiveCfg = Release|Any CPU
		{EDA49C1D-4D7B-4CFB-BB85-91A2F86BAB99}.Release|iPhone.Build.0 = Release|Any CPU
		{EDA49C1D-4D7B-4CFB-BB85-91A2F86BAB99}.Release|iPhone.Deploy.0 = Release|Any CPU
		{EDA49C1D-4D7B-4CFB-BB85-91A2F86BAB99}.Release|iPhoneSimulator.ActiveCfg = Release|Any CPU
		{EDA49C1D-4D7B-4CFB-BB85-91A2F86BAB99}.Release|iPhoneSimulator.Build.0 = Release|Any CPU
		{EDA49C1D-4D7B-4CFB-BB85-91A2F86BAB99}.Release|iPhoneSimulator.Deploy.0 = Release|Any CPU
	EndGlobalSection
	GlobalSection(SolutionProperties) = preSolution
		HideSolutionNode = FALSE
	EndGlobalSection
	GlobalSection(ExtensibilityGlobals) = postSolution
		SolutionGuid = {54DA5B1C-EA81-44ED-9898-41A9FC429A4B}
	EndGlobalSection
EndGlobal
